lockfileVersion: 5.4

specifiers:
  '@types/lodash': ^4.14.191
  '@types/node': ^18.11.11
  lodash: ^4.17.21

dependencies:
  '@types/lodash': 4.14.191
  '@types/node': 18.11.11
  lodash: 4.17.21

packages:

  /@types/lodash/4.14.191:
    resolution: {integrity: sha512-BdZ5BCCvho3EIXw6wUCXHe7rS53AIDPLE+JzwgT+OsJk53oBfbSmZZ7CX4VaRoN78N+TJpFi9QPlfIVNmJYWxQ==}
    dev: false

  /@types/node/18.11.11:
    resolution: {integrity: sha512-KJ021B1nlQUBLopzZmPBVuGU9un7WJd/W4ya7Ih02B4Uwky5Nja0yGYav2EfYIk0RR2Q9oVhf60S2XR1BCWJ2g==}
    dev: false

  /lodash/4.17.21:
    resolution: {integrity: sha512-v2kDEe57lecTulaDIuNTPy3Ry4gLGJ6Z1O3vE1krgXZNrsQ+LFTGHVxVjcXPs17LhbZVGedAJv8XZ1tvj5FvSg==}
    dev: false
